// !$*UTF8*$!
{
	archiveVersion = 1;
	classes = {
	};
	objectVersion = 46;
	objects = {

/* Begin PBXBuildFile section */
		69B5840E1D817E1A00653350 /* AppDelegate.swift in Sources */ = {isa = PBXBuildFile; fileRef = 69B5840D1D817E1A00653350 /* AppDelegate.swift */; };
		69B584101D817E1A00653350 /* ViewController.swift in Sources */ = {isa = PBXBuildFile; fileRef = 69B5840F1D817E1A00653350 /* ViewController.swift */; };
		69B584131D817E1A00653350 /* Main.storyboard in Resources */ = {isa = PBXBuildFile; fileRef = 69B584111D817E1A00653350 /* Main.storyboard */; };
		69B584151D817E1A00653350 /* Assets.xcassets in Resources */ = {isa = PBXBuildFile; fileRef = 69B584141D817E1A00653350 /* Assets.xcassets */; };
		69B584181D817E1A00653350 /* LaunchScreen.storyboard in Resources */ = {isa = PBXBuildFile; fileRef = 69B584161D817E1A00653350 /* LaunchScreen.storyboard */; };
		69FFA7201D87E6C5001FD4F4 /* QSModel.swift in Sources */ = {isa = PBXBuildFile; fileRef = 69FFA71F1D87E6C5001FD4F4 /* QSModel.swift */; };
/* End PBXBuildFile section */

/* Begin PBXFileReference section */
		69B5840B1D817E1A00653350 /* Example.app */ = {isa = PBXFileReference; explicitFileType = wrapper.application; includeInIndex = 0; path = Example.app; sourceTree = BUILT_PRODUCTS_DIR; };
		69B5840D1D817E1A00653350 /* AppDelegate.swift */ = {isa = PBXFileReference; lastKnownFileType = sourcecode.swift; path = AppDelegate.swift; sourceTree = "<group>"; };
		69B5840F1D817E1A00653350 /* ViewController.swift */ = {isa = PBXFileReference; lastKnownFileType = sourcecode.swift; path = ViewController.swift; sourceTree = "<group>"; };
		69B584121D817E1A00653350 /* Base */ = {isa = PBXFileReference; lastKnownFileType = file.storyboard; name = Base; path = Base.lproj/Main.storyboard; sourceTree = "<group>"; };
		69B584141D817E1A00653350 /* Assets.xcassets */ = {isa = PBXFileReference; lastKnownFileType = folder.assetcatalog; path = Assets.xcassets; sourceTree = "<group>"; };
		69B584171D817E1A00653350 /* Base */ = {isa = PBXFileReference; lastKnownFileType = file.storyboard; name = Base; path = Base.lproj/LaunchScreen.storyboard; sourceTree = "<group>"; };
		69B584191D817E1A00653350 /* Info.plist */ = {isa = PBXFileReference; lastKnownFileType = text.plist.xml; path = Info.plist; sourceTree = "<group>"; };
		69FFA71E1D87B430001FD4F4 /* Example-Bridging-Header.h */ = {isa = PBXFileReference; fileEncoding = 4; lastKnownFileType = sourcecode.c.h; path = "Example-Bridging-Header.h"; sourceTree = "<group>"; };
		69FFA71F1D87E6C5001FD4F4 /* QSModel.swift */ = {isa = PBXFileReference; fileEncoding = 4; lastKnownFileType = sourcecode.swift; path = QSModel.swift; sourceTree = "<group>"; };
/* End PBXFileReference section */

/* Begin PBXFrameworksBuildPhase section */
		69B584081D817E1A00653350 /* Frameworks */ = {
			isa = PBXFrameworksBuildPhase;
			buildActionMask = 2147483647;
			files = (
			);
			runOnlyForDeploymentPostprocessing = 0;
		};
/* End PBXFrameworksBuildPhase section */

/* Begin PBXGroup section */
		69B583E01D817DB700653350 = {
			isa = PBXGroup;
			children = (
				69B584061D817E0600653350 /* QuickStart */,
				69B5840C1D817E1A00653350 /* Example */,
				69B583EA1D817DB700653350 /* Products */,
			);
			sourceTree = "<group>";
		};
		69B583EA1D817DB700653350 /* Products */ = {
			isa = PBXGroup;
			children = (
				69B5840B1D817E1A00653350 /* Example.app */,
			);
			name = Products;
			sourceTree = "<group>";
		};
		69B584061D817E0600653350 /* QuickStart */ = {
			isa = PBXGroup;
			children = (
				69FFA71C1D87B098001FD4F4 /* MVCCore */,
			);
			path = QuickStart;
			sourceTree = "<group>";
		};
		69B5840C1D817E1A00653350 /* Example */ = {
			isa = PBXGroup;
			children = (
				69B5840D1D817E1A00653350 /* AppDelegate.swift */,
				69B5840F1D817E1A00653350 /* ViewController.swift */,
				69B584111D817E1A00653350 /* Main.storyboard */,
				69B584141D817E1A00653350 /* Assets.xcassets */,
				69B584161D817E1A00653350 /* LaunchScreen.storyboard */,
				69B584191D817E1A00653350 /* Info.plist */,
				69FFA71E1D87B430001FD4F4 /* Example-Bridging-Header.h */,
			);
			path = Example;
			sourceTree = "<group>";
		};
		69FFA71C1D87B098001FD4F4 /* MVCCore */ = {
			isa = PBXGroup;
			children = (
				69FFA71F1D87E6C5001FD4F4 /* QSModel.swift */,
			);
			path = MVCCore;
			sourceTree = "<group>";
		};
/* End PBXGroup section */

/* Begin PBXNativeTarget section */
		69B5840A1D817E1A00653350 /* Example */ = {
			isa = PBXNativeTarget;
			buildConfigurationList = 69B5841A1D817E1A00653350 /* Build configuration list for PBXNativeTarget "Example" */;
			buildPhases = (
				69B584071D817E1A00653350 /* Sources */,
				69B584081D817E1A00653350 /* Frameworks */,
				69B584091D817E1A00653350 /* Resources */,
			);
			buildRules = (
			);
			dependencies = (
			);
			name = Example;
			productName = Example;
			productReference = 69B5840B1D817E1A00653350 /* Example.app */;
			productType = "com.apple.product-type.application";
		};
/* End PBXNativeTarget section */

/* Begin PBXProject section */
		69B583E11D817DB700653350 /* Project object */ = {
			isa = PBXProject;
			attributes = {
				LastSwiftUpdateCheck = 0730;
				LastUpgradeCheck = 0800;
				ORGANIZATIONNAME = zxp;
				TargetAttributes = {
					69B5840A1D817E1A00653350 = {
						CreatedOnToolsVersion = 7.3.1;
						DevelopmentTeam = 6U9A79UNKV;
						LastSwiftMigration = 0800;
					};
				};
			};
			buildConfigurationList = 69B583E41D817DB700653350 /* Build configuration list for PBXProject "QuickStart" */;
			compatibilityVersion = "Xcode 3.2";
			developmentRegion = English;
			hasScannedForEncodings = 0;
			knownRegions = (
				en,
				Base,
			);
			mainGroup = 69B583E01D817DB700653350;
			productRefGroup = 69B583EA1D817DB700653350 /* Products */;
			projectDirPath = "";
			projectRoot = "";
			targets = (
				69B5840A1D817E1A00653350 /* Example */,
			);
		};
/* End PBXProject section */

/* Begin PBXResourcesBuildPhase section */
		69B584091D817E1A00653350 /* Resources */ = {
			isa = PBXResourcesBuildPhase;
			buildActionMask = 2147483647;
			files = (
				69B584181D817E1A00653350 /* LaunchScreen.storyboard in Resources */,
				69B584151D817E1A00653350 /* Assets.xcassets in Resources */,
				69B584131D817E1A00653350 /* Main.storyboard in Resources */,
			);
			runOnlyForDeploymentPostprocessing = 0;
		};
/* End PBXResourcesBuildPhase section */

/* Begin PBXSourcesBuildPhase section */
		69B584071D817E1A00653350 /* Sources */ = {
			isa = PBXSourcesBuildPhase;
			buildActionMask = 2147483647;
			files = (
				69B584101D817E1A00653350 /* ViewController.swift in Sources */,
				69B5840E1D817E1A00653350 /* AppDelegate.swift in Sources */,
				69FFA7201D87E6C5001FD4F4 /* QSModel.swift in Sources */,
			);
			runOnlyForDeploymentPostprocessing = 0;
		};
/* End PBXSourcesBuildPhase section */

/* Begin PBXVariantGroup section */
		69B584111D817E1A00653350 /* Main.storyboard */ = {
			isa = PBXVariantGroup;
			children = (
				69B584121D817E1A00653350 /* Base */,
			);
			name = Main.storyboard;
			sourceTree = "<group>";
		};
		69B584161D817E1A00653350 /* LaunchScreen.storyboard */ = {
			isa = PBXVariantGroup;
			children = (
				69B584171D817E1A00653350 /* Base */,
			);
			name = LaunchScreen.storyboard;
			sourceTree = "<group>";
		};
/* End PBXVariantGroup section */

/* Begin XCBuildConfiguration section */
		69B584011D817DB700653350 /* Debug */ = {
			isa = XCBuildConfiguration;
			buildSettings = {
				ALWAYS_SEARCH_USER_PATHS = NO;
				CLANG_ANALYZER_NONNULL = YES;
				CLANG_CXX_LANGUAGE_STANDARD = "gnu++0x";
				CLANG_CXX_LIBRARY = "libc++";
				CLANG_ENABLE_MODULES = YES;
				CLANG_ENABLE_OBJC_ARC = YES;
				CLANG_WARN_BOOL_CONVERSION = YES;
				CLANG_WARN_CONSTANT_CONVERSION = YES;
				CLANG_WARN_DIRECT_OBJC_ISA_USAGE = YES_ERROR;
				CLANG_WARN_EMPTY_BODY = YES;
				CLANG_WARN_ENUM_CONVERSION = YES;
				CLANG_WARN_INFINITE_RECURSION = YES;
				CLANG_WARN_INT_CONVERSION = YES;
				CLANG_WARN_OBJC_ROOT_CLASS = YES_ERROR;
				CLANG_WARN_SUSPICIOUS_MOVE = YES;
				CLANG_WARN_UNREACHABLE_CODE = YES;
				CLANG_WARN__DUPLICATE_METHOD_MATCH = YES;
				"CODE_SIGN_IDENTITY[sdk=iphoneos*]" = "iPhone Developer";
				COPY_PHASE_STRIP = NO;
				DEBUG_INFORMATION_FORMAT = dwarf;
				ENABLE_STRICT_OBJC_MSGSEND = YES;
				ENABLE_TESTABILITY = YES;
				GCC_C_LANGUAGE_STANDARD = gnu99;
				GCC_DYNAMIC_NO_PIC = NO;
				GCC_NO_COMMON_BLOCKS = YES;
				GCC_OPTIMIZATION_LEVEL = 0;
				GCC_PREPROCESSOR_DEFINITIONS = (
					"DEBUG=1",
					"$(inherited)",
				);
				GCC_WARN_64_TO_32_BIT_CONVERSION = YES;
				GCC_WARN_ABOUT_RETURN_TYPE = YES_ERROR;
				GCC_WARN_UNDECLARED_SELECTOR = YES;
				GCC_WARN_UNINITIALIZED_AUTOS = YES_AGGRESSIVE;
				GCC_WARN_UNUSED_FUNCTION = YES;
				GCC_WARN_UNUSED_VARIABLE = YES;
				IPHONEOS_DEPLOYMENT_TARGET = 9.3;
				MTL_ENABLE_DEBUG_INFO = YES;
				ONLY_ACTIVE_ARCH = YES;
				SDKROOT = iphoneos;
			};
			name = Debug;
		};
		69B584021D817DB700653350 /* Release */ = {
			isa = XCBuildConfiguration;
			buildSettings = {
				ALWAYS_SEARCH_USER_PATHS = NO;
				CLANG_ANALYZER_NONNULL = YES;
				CLANG_CXX_LANGUAGE_STANDARD = "gnu++0x";
				CLANG_CXX_LIBRARY = "libc++";
				CLANG_ENABLE_MODULES = YES;
				CLANG_ENABLE_OBJC_ARC = YES;
				CLANG_WARN_BOOL_CONVERSION = YES;
				CLANG_WARN_CONSTANT_CONVERSION = YES;
				CLANG_WARN_DIRECT_OBJC_ISA_USAGE = YES_ERROR;
				CLANG_WARN_EMPTY_BODY = YES;
				CLANG_WARN_ENUM_CONVERSION = YES;
				CLANG_WARN_INFINITE_RECURSION = YES;
				CLANG_WARN_INT_CONVERSION = YES;
				CLANG_WARN_OBJC_ROOT_CLASS = YES_ERROR;
				CLANG_WARN_SUSPICIOUS_MOVE = YES;
				CLANG_WARN_UNREACHABLE_CODE = YES;
				CLANG_WARN__DUPLICATE_METHOD_MATCH = YES;
				"CODE_SIGN_IDENTITY[sdk=iphoneos*]" = "iPhone Developer";
				COPY_PHASE_STRIP = NO;
				DEBUG_INFORMATION_FORMAT = "dwarf-with-dsym";
				ENABLE_NS_ASSERTIONS = NO;
				ENABLE_STRICT_OBJC_MSGSEND = YES;
				GCC_C_LANGUAGE_STANDARD = gnu99;
				GCC_NO_COMMON_BLOCKS = YES;
				GCC_WARN_64_TO_32_BIT_CONVERSION = YES;
				GCC_WARN_ABOUT_RETURN_TYPE = YES_ERROR;
				GCC_WARN_UNDECLARED_SELECTOR = YES;
				GCC_WARN_UNINITIALIZED_AUTOS = YES_AGGRESSIVE;
				GCC_WARN_UNUSED_FUNCTION = YES;
				GCC_WARN_UNUSED_VARIABLE = YES;
				IPHONEOS_DEPLOYMENT_TARGET = 9.3;
				MTL_ENABLE_DEBUG_INFO = NO;
				SDKROOT = iphoneos;
				SWIFT_OPTIMIZATION_LEVEL = "-Owholemodule";
				VALIDATE_PRODUCT = YES;
			};
			name = Release;
		};
		69B5841B1D817E1A00653350 /* Debug */ = {
			isa = XCBuildConfiguration;
			buildSettings = {
				ASSETCATALOG_COMPILER_APPICON_NAME = AppIcon;
				DEVELOPMENT_TEAM = 6U9A79UNKV;
				INFOPLIST_FILE = Example/Info.plist;
				LD_RUNPATH_SEARCH_PATHS = "$(inherited) @executable_path/Frameworks";
				PRODUCT_BUNDLE_IDENTIFIER = com.kxsq.Example;
				PRODUCT_NAME = "$(TARGET_NAME)";
				SWIFT_OBJC_BRIDGING_HEADER = "Example/Example-Bridging-Header.h";
				SWIFT_OPTIMIZATION_LEVEL = "-Onone";
				SWIFT_VERSION = 3.0;
			};
			name = Debug;
		};
		69B5841C1D817E1A00653350 /* Release */ = {
			isa = XCBuildConfiguration;
			buildSettings = {
				ASSETCATALOG_COMPILER_APPICON_NAME = AppIcon;
				DEVELOPMENT_TEAM = 6U9A79UNKV;
				INFOPLIST_FILE = Example/Info.plist;
				LD_RUNPATH_SEARCH_PATHS = "$(inherited) @executable_path/Frameworks";
				PRODUCT_BUNDLE_IDENTIFIER = com.kxsq.Example;
				PRODUCT_NAME = "$(TARGET_NAME)";
				SWIFT_OBJC_BRIDGING_HEADER = "Example/Example-Bridging-Header.h";
				SWIFT_VERSION = 3.0;
			};
			name = Release;
		};
/* End XCBuildConfiguration section */

/* Begin XCConfigurationList section */
		69B583E41D817DB700653350 /* Build configuration list for PBXProject "QuickStart" */ = {
			isa = XCConfigurationList;
			buildConfigurations = (
				69B584011D817DB700653350 /* Debug */,
				69B584021D817DB700653350 /* Release */,
			);
			defaultConfigurationIsVisible = 0;
			defaultConfigurationName = Release;
		};
		69B5841A1D817E1A00653350 /* Build configuration list for PBXNativeTarget "Example" */ = {
			isa = XCConfigurationList;
			buildConfigurations = (
				69B5841B1D817E1A00653350 /* Debug */,
				69B5841C1D817E1A00653350 /* Release */,
			);
			defaultConfigurationIsVisible = 0;
			defaultConfigurationName = Release;
		};
/* End XCConfigurationList section */
	};
	rootObject = 69B583E11D817DB700653350 /* Project object */;
}
