// !$*UTF8*$!
{
	archiveVersion = 1;
	classes = {
	};
	objectVersion = 46;
	objects = {

/* Begin PBXBuildFile section */
		A93F11A91D8B8B2900F688A4 /* AppDelegate.swift in Sources */ = {isa = PBXBuildFile; fileRef = A93F11A81D8B8B2900F688A4 /* AppDelegate.swift */; };
		A93F11AB1D8B8B2900F688A4 /* ViewController.swift in Sources */ = {isa = PBXBuildFile; fileRef = A93F11AA1D8B8B2900F688A4 /* ViewController.swift */; };
		A93F11AE1D8B8B2900F688A4 /* Main.storyboard in Resources */ = {isa = PBXBuildFile; fileRef = A93F11AC1D8B8B2900F688A4 /* Main.storyboard */; };
		A93F11B01D8B8B2900F688A4 /* Assets.xcassets in Resources */ = {isa = PBXBuildFile; fileRef = A93F11AF1D8B8B2900F688A4 /* Assets.xcassets */; };
		A93F11B31D8B8B2900F688A4 /* LaunchScreen.storyboard in Resources */ = {isa = PBXBuildFile; fileRef = A93F11B11D8B8B2900F688A4 /* LaunchScreen.storyboard */; };
		A93F11BB1D8B8B4900F688A4 /* QuickStart.framework in Frameworks */ = {isa = PBXBuildFile; fileRef = A93F11BA1D8B8B4900F688A4 /* QuickStart.framework */; };
		A93F11BC1D8B8B4900F688A4 /* QuickStart.framework in Embed Frameworks */ = {isa = PBXBuildFile; fileRef = A93F11BA1D8B8B4900F688A4 /* QuickStart.framework */; settings = {ATTRIBUTES = (CodeSignOnCopy, RemoveHeadersOnCopy, ); }; };
		A98C33CB1D9415F700C2FC99 /* SecondViewController.swift in Sources */ = {isa = PBXBuildFile; fileRef = A98C33CA1D9415F700C2FC99 /* SecondViewController.swift */; };
/* End PBXBuildFile section */

/* Begin PBXCopyFilesBuildPhase section */
		A93F11BD1D8B8B4900F688A4 /* Embed Frameworks */ = {
			isa = PBXCopyFilesBuildPhase;
			buildActionMask = 2147483647;
			dstPath = "";
			dstSubfolderSpec = 10;
			files = (
				A93F11BC1D8B8B4900F688A4 /* QuickStart.framework in Embed Frameworks */,
			);
			name = "Embed Frameworks";
			runOnlyForDeploymentPostprocessing = 0;
		};
/* End PBXCopyFilesBuildPhase section */

/* Begin PBXFileReference section */
		697427E81DE30A67008414F6 /* Example-Bridging-Header.h */ = {isa = PBXFileReference; lastKnownFileType = sourcecode.c.h; path = "Example-Bridging-Header.h"; sourceTree = "<group>"; };
		699EF4591E8CE98400CD3D6E /* zh-Hans */ = {isa = PBXFileReference; lastKnownFileType = text.plist.strings; name = "zh-Hans"; path = "zh-Hans.lproj/Main.strings"; sourceTree = "<group>"; };
		699EF45A1E8CE98400CD3D6E /* zh-Hans */ = {isa = PBXFileReference; lastKnownFileType = text.plist.strings; name = "zh-Hans"; path = "zh-Hans.lproj/LaunchScreen.strings"; sourceTree = "<group>"; };
		A93F11A51D8B8B2900F688A4 /* Example.app */ = {isa = PBXFileReference; explicitFileType = wrapper.application; includeInIndex = 0; path = Example.app; sourceTree = BUILT_PRODUCTS_DIR; };
		A93F11A81D8B8B2900F688A4 /* AppDelegate.swift */ = {isa = PBXFileReference; lastKnownFileType = sourcecode.swift; path = AppDelegate.swift; sourceTree = "<group>"; };
		A93F11AA1D8B8B2900F688A4 /* ViewController.swift */ = {isa = PBXFileReference; lastKnownFileType = sourcecode.swift; path = ViewController.swift; sourceTree = "<group>"; };
		A93F11AD1D8B8B2900F688A4 /* Base */ = {isa = PBXFileReference; lastKnownFileType = file.storyboard; name = Base; path = Base.lproj/Main.storyboard; sourceTree = "<group>"; };
		A93F11AF1D8B8B2900F688A4 /* Assets.xcassets */ = {isa = PBXFileReference; lastKnownFileType = folder.assetcatalog; path = Assets.xcassets; sourceTree = "<group>"; };
		A93F11B21D8B8B2900F688A4 /* Base */ = {isa = PBXFileReference; lastKnownFileType = file.storyboard; name = Base; path = Base.lproj/LaunchScreen.storyboard; sourceTree = "<group>"; };
		A93F11B41D8B8B2900F688A4 /* Info.plist */ = {isa = PBXFileReference; lastKnownFileType = text.plist.xml; path = Info.plist; sourceTree = "<group>"; };
		A93F11BA1D8B8B4900F688A4 /* QuickStart.framework */ = {isa = PBXFileReference; explicitFileType = wrapper.framework; path = QuickStart.framework; sourceTree = BUILT_PRODUCTS_DIR; };
		A98C33CA1D9415F700C2FC99 /* SecondViewController.swift */ = {isa = PBXFileReference; fileEncoding = 4; lastKnownFileType = sourcecode.swift; path = SecondViewController.swift; sourceTree = "<group>"; };
/* End PBXFileReference section */

/* Begin PBXFrameworksBuildPhase section */
		A93F11A21D8B8B2900F688A4 /* Frameworks */ = {
			isa = PBXFrameworksBuildPhase;
			buildActionMask = 2147483647;
			files = (
				A93F11BB1D8B8B4900F688A4 /* QuickStart.framework in Frameworks */,
			);
			runOnlyForDeploymentPostprocessing = 0;
		};
/* End PBXFrameworksBuildPhase section */

/* Begin PBXGroup section */
		A93F119C1D8B8B2900F688A4 = {
			isa = PBXGroup;
			children = (
				A93F11BA1D8B8B4900F688A4 /* QuickStart.framework */,
				A93F11A71D8B8B2900F688A4 /* Example */,
				A93F11A61D8B8B2900F688A4 /* Products */,
			);
			sourceTree = "<group>";
		};
		A93F11A61D8B8B2900F688A4 /* Products */ = {
			isa = PBXGroup;
			children = (
				A93F11A51D8B8B2900F688A4 /* Example.app */,
			);
			name = Products;
			sourceTree = "<group>";
		};
		A93F11A71D8B8B2900F688A4 /* Example */ = {
			isa = PBXGroup;
			children = (
				A93F11A81D8B8B2900F688A4 /* AppDelegate.swift */,
				A93F11AA1D8B8B2900F688A4 /* ViewController.swift */,
				A93F11AC1D8B8B2900F688A4 /* Main.storyboard */,
				A93F11AF1D8B8B2900F688A4 /* Assets.xcassets */,
				A93F11B11D8B8B2900F688A4 /* LaunchScreen.storyboard */,
				A93F11B41D8B8B2900F688A4 /* Info.plist */,
				A98C33CA1D9415F700C2FC99 /* SecondViewController.swift */,
				697427E81DE30A67008414F6 /* Example-Bridging-Header.h */,
			);
			path = Example;
			sourceTree = "<group>";
		};
/* End PBXGroup section */

/* Begin PBXNativeTarget section */
		A93F11A41D8B8B2900F688A4 /* Example */ = {
			isa = PBXNativeTarget;
			buildConfigurationList = A93F11B71D8B8B2900F688A4 /* Build configuration list for PBXNativeTarget "Example" */;
			buildPhases = (
				A93F11A11D8B8B2900F688A4 /* Sources */,
				A93F11A21D8B8B2900F688A4 /* Frameworks */,
				A93F11A31D8B8B2900F688A4 /* Resources */,
				A93F11BD1D8B8B4900F688A4 /* Embed Frameworks */,
			);
			buildRules = (
			);
			dependencies = (
			);
			name = Example;
			productName = Example;
			productReference = A93F11A51D8B8B2900F688A4 /* Example.app */;
			productType = "com.apple.product-type.application";
		};
/* End PBXNativeTarget section */

/* Begin PBXProject section */
		A93F119D1D8B8B2900F688A4 /* Project object */ = {
			isa = PBXProject;
			attributes = {
				LastSwiftUpdateCheck = 0800;
				LastUpgradeCheck = 0800;
				ORGANIZATIONNAME = xpz;
				TargetAttributes = {
					A93F11A41D8B8B2900F688A4 = {
						CreatedOnToolsVersion = 8.0;
						DevelopmentTeam = 353FJNBYW5;
						LastSwiftMigration = 0810;
						ProvisioningStyle = Automatic;
					};
				};
			};
			buildConfigurationList = A93F11A01D8B8B2900F688A4 /* Build configuration list for PBXProject "Example" */;
			compatibilityVersion = "Xcode 3.2";
			developmentRegion = English;
			hasScannedForEncodings = 0;
			knownRegions = (
				en,
				Base,
			);
			mainGroup = A93F119C1D8B8B2900F688A4;
			productRefGroup = A93F11A61D8B8B2900F688A4 /* Products */;
			projectDirPath = "";
			projectRoot = "";
			targets = (
				A93F11A41D8B8B2900F688A4 /* Example */,
			);
		};
/* End PBXProject section */

/* Begin PBXResourcesBuildPhase section */
		A93F11A31D8B8B2900F688A4 /* Resources */ = {
			isa = PBXResourcesBuildPhase;
			buildActionMask = 2147483647;
			files = (
				A93F11B31D8B8B2900F688A4 /* LaunchScreen.storyboard in Resources */,
				A93F11B01D8B8B2900F688A4 /* Assets.xcassets in Resources */,
				A93F11AE1D8B8B2900F688A4 /* Main.storyboard in Resources */,
			);
			runOnlyForDeploymentPostprocessing = 0;
		};
/* End PBXResourcesBuildPhase section */

/* Begin PBXSourcesBuildPhase section */
		A93F11A11D8B8B2900F688A4 /* Sources */ = {
			isa = PBXSourcesBuildPhase;
			buildActionMask = 2147483647;
			files = (
				A98C33CB1D9415F700C2FC99 /* SecondViewController.swift in Sources */,
				A93F11AB1D8B8B2900F688A4 /* ViewController.swift in Sources */,
				A93F11A91D8B8B2900F688A4 /* AppDelegate.swift in Sources */,
			);
			runOnlyForDeploymentPostprocessing = 0;
		};
/* End PBXSourcesBuildPhase section */

/* Begin PBXVariantGroup section */
		A93F11AC1D8B8B2900F688A4 /* Main.storyboard */ = {
			isa = PBXVariantGroup;
			children = (
				A93F11AD1D8B8B2900F688A4 /* Base */,
				699EF4591E8CE98400CD3D6E /* zh-Hans */,
			);
			name = Main.storyboard;
			sourceTree = "<group>";
		};
		A93F11B11D8B8B2900F688A4 /* LaunchScreen.storyboard */ = {
			isa = PBXVariantGroup;
			children = (
				A93F11B21D8B8B2900F688A4 /* Base */,
				699EF45A1E8CE98400CD3D6E /* zh-Hans */,
			);
			name = LaunchScreen.storyboard;
			sourceTree = "<group>";
		};
/* End PBXVariantGroup section */

/* Begin XCBuildConfiguration section */
		A93F11B51D8B8B2900F688A4 /* Debug */ = {
			isa = XCBuildConfiguration;
			buildSettings = {
				ALWAYS_SEARCH_USER_PATHS = NO;
				CLANG_ANALYZER_LOCALIZABILITY_NONLOCALIZED = YES;
				CLANG_ANALYZER_NONNULL = YES;
				CLANG_CXX_LANGUAGE_STANDARD = "gnu++0x";
				CLANG_CXX_LIBRARY = "libc++";
				CLANG_ENABLE_MODULES = YES;
				CLANG_ENABLE_OBJC_ARC = YES;
				CLANG_WARN_BOOL_CONVERSION = YES;
				CLANG_WARN_CONSTANT_CONVERSION = YES;
				CLANG_WARN_DIRECT_OBJC_ISA_USAGE = YES_ERROR;
				CLANG_WARN_DOCUMENTATION_COMMENTS = YES;
				CLANG_WARN_EMPTY_BODY = YES;
				CLANG_WARN_ENUM_CONVERSION = YES;
				CLANG_WARN_INFINITE_RECURSION = YES;
				CLANG_WARN_INT_CONVERSION = YES;
				CLANG_WARN_OBJC_ROOT_CLASS = YES_ERROR;
				CLANG_WARN_SUSPICIOUS_MOVES = YES;
				CLANG_WARN_UNREACHABLE_CODE = YES;
				CLANG_WARN__DUPLICATE_METHOD_MATCH = YES;
				"CODE_SIGN_IDENTITY[sdk=iphoneos*]" = "iPhone Developer";
				COPY_PHASE_STRIP = NO;
				DEBUG_INFORMATION_FORMAT = dwarf;
				ENABLE_STRICT_OBJC_MSGSEND = YES;
				ENABLE_TESTABILITY = YES;
				GCC_C_LANGUAGE_STANDARD = gnu99;
				GCC_DYNAMIC_NO_PIC = NO;
				GCC_NO_COMMON_BLOCKS = YES;
				GCC_OPTIMIZATION_LEVEL = 0;
				GCC_PREPROCESSOR_DEFINITIONS = (
					"DEBUG=1",
					"$(inherited)",
				);
				GCC_WARN_64_TO_32_BIT_CONVERSION = YES;
				GCC_WARN_ABOUT_RETURN_TYPE = YES_ERROR;
				GCC_WARN_UNDECLARED_SELECTOR = YES;
				GCC_WARN_UNINITIALIZED_AUTOS = YES_AGGRESSIVE;
				GCC_WARN_UNUSED_FUNCTION = YES;
				GCC_WARN_UNUSED_VARIABLE = YES;
				IPHONEOS_DEPLOYMENT_TARGET = 8.0;
				MTL_ENABLE_DEBUG_INFO = YES;
				ONLY_ACTIVE_ARCH = YES;
				SDKROOT = iphoneos;
				SWIFT_ACTIVE_COMPILATION_CONDITIONS = DEBUG;
				SWIFT_OPTIMIZATION_LEVEL = "-Onone";
				TARGETED_DEVICE_FAMILY = "1,2";
			};
			name = Debug;
		};
		A93F11B61D8B8B2900F688A4 /* Release */ = {
			isa = XCBuildConfiguration;
			buildSettings = {
				ALWAYS_SEARCH_USER_PATHS = NO;
				CLANG_ANALYZER_LOCALIZABILITY_NONLOCALIZED = YES;
				CLANG_ANALYZER_NONNULL = YES;
				CLANG_CXX_LANGUAGE_STANDARD = "gnu++0x";
				CLANG_CXX_LIBRARY = "libc++";
				CLANG_ENABLE_MODULES = YES;
				CLANG_ENABLE_OBJC_ARC = YES;
				CLANG_WARN_BOOL_CONVERSION = YES;
				CLANG_WARN_CONSTANT_CONVERSION = YES;
				CLANG_WARN_DIRECT_OBJC_ISA_USAGE = YES_ERROR;
				CLANG_WARN_DOCUMENTATION_COMMENTS = YES;
				CLANG_WARN_EMPTY_BODY = YES;
				CLANG_WARN_ENUM_CONVERSION = YES;
				CLANG_WARN_INFINITE_RECURSION = YES;
				CLANG_WARN_INT_CONVERSION = YES;
				CLANG_WARN_OBJC_ROOT_CLASS = YES_ERROR;
				CLANG_WARN_SUSPICIOUS_MOVES = YES;
				CLANG_WARN_UNREACHABLE_CODE = YES;
				CLANG_WARN__DUPLICATE_METHOD_MATCH = YES;
				"CODE_SIGN_IDENTITY[sdk=iphoneos*]" = "iPhone Developer";
				COPY_PHASE_STRIP = NO;
				DEBUG_INFORMATION_FORMAT = "dwarf-with-dsym";
				ENABLE_NS_ASSERTIONS = NO;
				ENABLE_STRICT_OBJC_MSGSEND = YES;
				GCC_C_LANGUAGE_STANDARD = gnu99;
				GCC_NO_COMMON_BLOCKS = YES;
				GCC_WARN_64_TO_32_BIT_CONVERSION = YES;
				GCC_WARN_ABOUT_RETURN_TYPE = YES_ERROR;
				GCC_WARN_UNDECLARED_SELECTOR = YES;
				GCC_WARN_UNINITIALIZED_AUTOS = YES_AGGRESSIVE;
				GCC_WARN_UNUSED_FUNCTION = YES;
				GCC_WARN_UNUSED_VARIABLE = YES;
				IPHONEOS_DEPLOYMENT_TARGET = 8.0;
				MTL_ENABLE_DEBUG_INFO = NO;
				SDKROOT = iphoneos;
				SWIFT_OPTIMIZATION_LEVEL = "-Owholemodule";
				TARGETED_DEVICE_FAMILY = "1,2";
				VALIDATE_PRODUCT = YES;
			};
			name = Release;
		};
		A93F11B81D8B8B2900F688A4 /* Debug */ = {
			isa = XCBuildConfiguration;
			buildSettings = {
				ASSETCATALOG_COMPILER_APPICON_NAME = AppIcon;
				CLANG_ENABLE_MODULES = YES;
				DEVELOPMENT_TEAM = 353FJNBYW5;
				INFOPLIST_FILE = Example/Info.plist;
				LD_RUNPATH_SEARCH_PATHS = "$(inherited) @executable_path/Frameworks";
				PRODUCT_BUNDLE_IDENTIFIER = com.xpz.Example.3;
				PRODUCT_NAME = "$(TARGET_NAME)";
				SWIFT_OBJC_BRIDGING_HEADER = "Example/Example-Bridging-Header.h";
				SWIFT_OPTIMIZATION_LEVEL = "-Onone";
				SWIFT_VERSION = 3.0;
			};
			name = Debug;
		};
		A93F11B91D8B8B2900F688A4 /* Release */ = {
			isa = XCBuildConfiguration;
			buildSettings = {
				ASSETCATALOG_COMPILER_APPICON_NAME = AppIcon;
				CLANG_ENABLE_MODULES = YES;
				DEVELOPMENT_TEAM = 353FJNBYW5;
				INFOPLIST_FILE = Example/Info.plist;
				LD_RUNPATH_SEARCH_PATHS = "$(inherited) @executable_path/Frameworks";
				PRODUCT_BUNDLE_IDENTIFIER = com.xpz.Example.3;
				PRODUCT_NAME = "$(TARGET_NAME)";
				SWIFT_OBJC_BRIDGING_HEADER = "Example/Example-Bridging-Header.h";
				SWIFT_VERSION = 3.0;
			};
			name = Release;
		};
/* End XCBuildConfiguration section */

/* Begin XCConfigurationList section */
		A93F11A01D8B8B2900F688A4 /* Build configuration list for PBXProject "Example" */ = {
			isa = XCConfigurationList;
			buildConfigurations = (
				A93F11B51D8B8B2900F688A4 /* Debug */,
				A93F11B61D8B8B2900F688A4 /* Release */,
			);
			defaultConfigurationIsVisible = 0;
			defaultConfigurationName = Release;
		};
		A93F11B71D8B8B2900F688A4 /* Build configuration list for PBXNativeTarget "Example" */ = {
			isa = XCConfigurationList;
			buildConfigurations = (
				A93F11B81D8B8B2900F688A4 /* Debug */,
				A93F11B91D8B8B2900F688A4 /* Release */,
			);
			defaultConfigurationIsVisible = 0;
			defaultConfigurationName = Release;
		};
/* End XCConfigurationList section */
	};
	rootObject = A93F119D1D8B8B2900F688A4 /* Project object */;
}
